{
    "name": "Password Generator",
    "lockfileVersion": 2,
    "requires": true,
    "packages": {
        "": {
            "dependencies": {
                "a11y-dialog": "^8.0.4"
            }
        },
        "node_modules/a11y-dialog": {
            "version": "8.0.4",
            "resolved": "https://registry.npmjs.org/a11y-dialog/-/a11y-dialog-8.0.4.tgz",
            "integrity": "sha512-MQrLxqLPx4E8+ynGwulBs6OjtxQT/XemgnlNPb+cR8K/qdwHBQv1WZQZpBuTVhlWGpAwWmSYffUZ/78anhcD3w==",
            "dependencies": {
                "focusable-selectors": "^0.8.0"
            }
        },
        "node_modules/focusable-selectors": {
            "version": "0.8.1",
            "resolved": "https://registry.npmjs.org/focusable-selectors/-/focusable-selectors-0.8.1.tgz",
            "integrity": "sha512-QXOebaidkRK27TmfboyrJZwzNPYtvs01itWrXmSc7rd8/ORql9ZiM1fkQ1IZKcCjYp4J/lWCBkFLxuupvt3y9w=="
        }
    },
    "dependencies": {
        "a11y-dialog": {
            "version": "8.0.4",
            "resolved": "https://registry.npmjs.org/a11y-dialog/-/a11y-dialog-8.0.4.tgz",
            "integrity": "sha512-MQrLxqLPx4E8+ynGwulBs6OjtxQT/XemgnlNPb+cR8K/qdwHBQv1WZQZpBuTVhlWGpAwWmSYffUZ/78anhcD3w==",
            "requires": {
                "focusable-selectors": "^0.8.0"
            }
        },
        "focusable-selectors": {
            "version": "0.8.1",
            "resolved": "https://registry.npmjs.org/focusable-selectors/-/focusable-selectors-0.8.1.tgz",
            "integrity": "sha512-QXOebaidkRK27TmfboyrJZwzNPYtvs01itWrXmSc7rd8/ORql9ZiM1fkQ1IZKcCjYp4J/lWCBkFLxuupvt3y9w=="
        }
    }
}
